
Microsoft Visual Studio Solution File, Format Version 12.00
# Visual Studio Version 16
VisualStudioVersion = 16.0.29418.71
MinimumVisualStudioVersion = 10.0.40219.1
Project("{9A19103F-16F7-4668-BE54-9A1E7A4F7556}") = "WebApplication1", "WebApplication1\WebApplication1.csproj", "{668891B6-B697-4AB5-8182-BB6F5854AD91}"
EndProject
Project("{9A19103F-16F7-4668-BE54-9A1E7A4F7556}") = "ProductStore.Entities", "ProductStore.Entities\ProductStore.Entities.csproj", "{C0173958-A490-4E6D-A500-16BA51D3753D}"
EndProject
Project("{2150E333-8FDC-42A3-9474-1A3956D46DE8}") = "Tests", "Tests", "{5A7EF6D8-FCE1-4B3A-B0B8-D4D726E2EFEE}"
EndProject
Project("{9A19103F-16F7-4668-BE54-9A1E7A4F7556}") = "ProductStore.ApiTests", "ProductStore.ApiTests\ProductStore.ApiTests.csproj", "{B5A4F236-50E0-4B3C-8571-74E582354643}"
EndProject
Project("{9A19103F-16F7-4668-BE54-9A1E7A4F7556}") = "ProductStore.IntegrationTests", "ProductStore.IntegrationTests\ProductStore.IntegrationTests.csproj", "{CC30DAE6-6A91-4FAB-97CD-DE292238213F}"
EndProject
Project("{9A19103F-16F7-4668-BE54-9A1E7A4F7556}") = "ProductStore.Services", "ProductStore.Services\ProductStore.Services.csproj", "{6E74A346-C044-461D-9CFD-92894487B998}"
EndProject
Project("{FAE04EC0-301F-11D3-BF4B-00C04F79EFBC}") = "ProductStore.Middleware", "ProductStore.Middleware\ProductStore.Middleware.csproj", "{11643235-E625-49DC-A0A3-AEDC115AF0C5}"
EndProject
Global
	GlobalSection(SolutionConfigurationPlatforms) = preSolution
		Debug|Any CPU = Debug|Any CPU
		Release|Any CPU = Release|Any CPU
	EndGlobalSection
	GlobalSection(ProjectConfigurationPlatforms) = postSolution
		{668891B6-B697-4AB5-8182-BB6F5854AD91}.Debug|Any CPU.ActiveCfg = Debug|Any CPU
		{668891B6-B697-4AB5-8182-BB6F5854AD91}.Debug|Any CPU.Build.0 = Debug|Any CPU
		{668891B6-B697-4AB5-8182-BB6F5854AD91}.Release|Any CPU.ActiveCfg = Release|Any CPU
		{668891B6-B697-4AB5-8182-BB6F5854AD91}.Release|Any CPU.Build.0 = Release|Any CPU
		{C0173958-A490-4E6D-A500-16BA51D3753D}.Debug|Any CPU.ActiveCfg = Debug|Any CPU
		{C0173958-A490-4E6D-A500-16BA51D3753D}.Debug|Any CPU.Build.0 = Debug|Any CPU
		{C0173958-A490-4E6D-A500-16BA51D3753D}.Release|Any CPU.ActiveCfg = Release|Any CPU
		{C0173958-A490-4E6D-A500-16BA51D3753D}.Release|Any CPU.Build.0 = Release|Any CPU
		{B5A4F236-50E0-4B3C-8571-74E582354643}.Debug|Any CPU.ActiveCfg = Debug|Any CPU
		{B5A4F236-50E0-4B3C-8571-74E582354643}.Debug|Any CPU.Build.0 = Debug|Any CPU
		{B5A4F236-50E0-4B3C-8571-74E582354643}.Release|Any CPU.ActiveCfg = Release|Any CPU
		{B5A4F236-50E0-4B3C-8571-74E582354643}.Release|Any CPU.Build.0 = Release|Any CPU
		{CC30DAE6-6A91-4FAB-97CD-DE292238213F}.Debug|Any CPU.ActiveCfg = Debug|Any CPU
		{CC30DAE6-6A91-4FAB-97CD-DE292238213F}.Debug|Any CPU.Build.0 = Debug|Any CPU
		{CC30DAE6-6A91-4FAB-97CD-DE292238213F}.Release|Any CPU.ActiveCfg = Release|Any CPU
		{CC30DAE6-6A91-4FAB-97CD-DE292238213F}.Release|Any CPU.Build.0 = Release|Any CPU
		{6E74A346-C044-461D-9CFD-92894487B998}.Debug|Any CPU.ActiveCfg = Debug|Any CPU
		{6E74A346-C044-461D-9CFD-92894487B998}.Debug|Any CPU.Build.0 = Debug|Any CPU
		{6E74A346-C044-461D-9CFD-92894487B998}.Release|Any CPU.ActiveCfg = Release|Any CPU
		{6E74A346-C044-461D-9CFD-92894487B998}.Release|Any CPU.Build.0 = Release|Any CPU
		{11643235-E625-49DC-A0A3-AEDC115AF0C5}.Debug|Any CPU.ActiveCfg = Debug|Any CPU
		{11643235-E625-49DC-A0A3-AEDC115AF0C5}.Debug|Any CPU.Build.0 = Debug|Any CPU
		{11643235-E625-49DC-A0A3-AEDC115AF0C5}.Release|Any CPU.ActiveCfg = Release|Any CPU
		{11643235-E625-49DC-A0A3-AEDC115AF0C5}.Release|Any CPU.Build.0 = Release|Any CPU
	EndGlobalSection
	GlobalSection(SolutionProperties) = preSolution
		HideSolutionNode = FALSE
	EndGlobalSection
	GlobalSection(NestedProjects) = preSolution
		{B5A4F236-50E0-4B3C-8571-74E582354643} = {5A7EF6D8-FCE1-4B3A-B0B8-D4D726E2EFEE}
		{CC30DAE6-6A91-4FAB-97CD-DE292238213F} = {5A7EF6D8-FCE1-4B3A-B0B8-D4D726E2EFEE}
	EndGlobalSection
	GlobalSection(ExtensibilityGlobals) = postSolution
		SolutionGuid = {BDCF13BA-9A92-4F1E-B7DA-5D590A6905DB}
	EndGlobalSection
EndGlobal
